
Microsoft Visual Studio Solution File, Format Version 12.00
# Visual Studio Version 16
VisualStudioVersion = 16.0.29613.14
MinimumVisualStudioVersion = 10.0.40219.1
Project("{FAE04EC0-301F-11D3-BF4B-00C04F79EFBC}") = "LeetCode111", "LeetCode111\LeetCode111.csproj", "{2304E1C4-D93E-4241-B978-A41415B8F929}"
EndProject
Global
	GlobalSection(SolutionConfigurationPlatforms) = preSolution
		Debug|Any CPU = Debug|Any CPU
		Release|Any CPU = Release|Any CPU
	EndGlobalSection
	GlobalSection(ProjectConfigurationPlatforms) = postSolution
		{2304E1C4-D93E-4241-B978-A41415B8F929}.Debug|Any CPU.ActiveCfg = Debug|Any CPU
		{2304E1C4-D93E-4241-B978-A41415B8F929}.Debug|Any CPU.Build.0 = Debug|Any CPU
		{2304E1C4-D93E-4241-B978-A41415B8F929}.Release|Any CPU.ActiveCfg = Release|Any CPU
		{2304E1C4-D93E-4241-B978-A41415B8F929}.Release|Any CPU.Build.0 = Release|Any CPU
	EndGlobalSection
	GlobalSection(SolutionProperties) = preSolution
		HideSolutionNode = FALSE
	EndGlobalSection
	GlobalSection(ExtensibilityGlobals) = postSolution
		SolutionGuid = {EF73EE75-0ED8-49CF-B07D-0DDCCA3F19A0}
	EndGlobalSection
EndGlobal
